{
    "_meta": {
        "hash": {
            "sha256": "93f87bb953b9267ea205e83b79ac9728dbbf335f5aa77d25a888255af985a7ff"
        },
        "pipfile-spec": 6,
        "requires": {
            "python_version": "3.6"
        },
        "sources": [
            {
                "name": "pypi",
                "url": "https://pypi.org/simple",
                "verify_ssl": true
            }
        ]
    },
    "default": {
        "appdirs": {
            "hashes": [
                "sha256:9e5896d1372858f8dd3344faf4e5014d21849c756c8d5701f78f8a103b372d92",
                "sha256:d8b24664561d0d34ddfaec54636d502d7cea6e29c3eaf68f3df6180863e2166e"
            ],
            "version": "==1.4.3"
        },
        "asn1crypto": {
            "hashes": [
                "sha256:2f1adbb7546ed199e3c90ef23ec95c5cf3585bac7d11fb7eb562a3fe89c64e87",
                "sha256:9d5c20441baf0cb60a4ac34cc447c6c189024b6b4c6cd7877034f4965c464e49"
            ],
            "version": "==0.24.0"
        },
        "boto3": {
            "hashes": [
                "sha256:3217753bff077808b02fcb1b9c0f4071e7f5ed987466eb571f35c2e9fff2055a",
                "sha256:dd2965f75f18d2ac002616a2c8033abdd48fe5558fec78f1ca20ccd9ccf93b91"
            ],
            "version": "==1.9.45"
        },
        "botocore": {
            "hashes": [
                "sha256:773050ec1b3e3d7e669c3aa77aa0f1ce5c33bb710f2dd39c500b23cf875577fe",
                "sha256:cf477e29916e3128c8481aece021f000e4408c9ac9e46d90a0c642a3a5fae3aa"
            ],
            "version": "==1.12.45"
        },
        "cffi": {
            "hashes": [
                "sha256:151b7eefd035c56b2b2e1eb9963c90c6302dc15fbd8c1c0a83a163ff2c7d7743",
                "sha256:1553d1e99f035ace1c0544050622b7bc963374a00c467edafac50ad7bd276aef",
                "sha256:1b0493c091a1898f1136e3f4f991a784437fac3673780ff9de3bcf46c80b6b50",
                "sha256:2ba8a45822b7aee805ab49abfe7eec16b90587f7f26df20c71dd89e45a97076f",
                "sha256:3bb6bd7266598f318063e584378b8e27c67de998a43362e8fce664c54ee52d30",
                "sha256:3c85641778460581c42924384f5e68076d724ceac0f267d66c757f7535069c93",
                "sha256:3eb6434197633b7748cea30bf0ba9f66727cdce45117a712b29a443943733257",
                "sha256:495c5c2d43bf6cebe0178eb3e88f9c4aa48d8934aa6e3cddb865c058da76756b",
                "sha256:4c91af6e967c2015729d3e69c2e51d92f9898c330d6a851bf8f121236f3defd3",
                "sha256:57b2533356cb2d8fac1555815929f7f5f14d68ac77b085d2326b571310f34f6e",
                "sha256:770f3782b31f50b68627e22f91cb182c48c47c02eb405fd689472aa7b7aa16dc",
                "sha256:79f9b6f7c46ae1f8ded75f68cf8ad50e5729ed4d590c74840471fc2823457d04",
                "sha256:7a33145e04d44ce95bcd71e522b478d282ad0eafaf34fe1ec5bbd73e662f22b6",
                "sha256:857959354ae3a6fa3da6651b966d13b0a8bed6bbc87a0de7b38a549db1d2a359",
                "sha256:87f37fe5130574ff76c17cab61e7d2538a16f843bb7bca8ebbc4b12de3078596",
                "sha256:95d5251e4b5ca00061f9d9f3d6fe537247e145a8524ae9fd30a2f8fbce993b5b",
                "sha256:9d1d3e63a4afdc29bd76ce6aa9d58c771cd1599fbba8cf5057e7860b203710dd",
                "sha256:a36c5c154f9d42ec176e6e620cb0dd275744aa1d804786a71ac37dc3661a5e95",
                "sha256:a6a5cb8809091ec9ac03edde9304b3ad82ad4466333432b16d78ef40e0cce0d5",
                "sha256:ae5e35a2c189d397b91034642cb0eab0e346f776ec2eb44a49a459e6615d6e2e",
                "sha256:b0f7d4a3df8f06cf49f9f121bead236e328074de6449866515cea4907bbc63d6",
                "sha256:b75110fb114fa366b29a027d0c9be3709579602ae111ff61674d28c93606acca",
                "sha256:ba5e697569f84b13640c9e193170e89c13c6244c24400fc57e88724ef610cd31",
                "sha256:be2a9b390f77fd7676d80bc3cdc4f8edb940d8c198ed2d8c0be1319018c778e1",
                "sha256:ca1bd81f40adc59011f58159e4aa6445fc585a32bb8ac9badf7a2c1aa23822f2",
                "sha256:d5d8555d9bfc3f02385c1c37e9f998e2011f0db4f90e250e5bc0c0a85a813085",
                "sha256:e55e22ac0a30023426564b1059b035973ec82186ddddbac867078435801c7801",
                "sha256:e90f17980e6ab0f3c2f3730e56d1fe9bcba1891eeea58966e89d352492cc74f4",
                "sha256:ecbb7b01409e9b782df5ded849c178a0aa7c906cf8c5a67368047daab282b184",
                "sha256:ed01918d545a38998bfa5902c7c00e0fee90e957ce036a4000a88e3fe2264917",
                "sha256:edabd457cd23a02965166026fd9bfd196f4324fe6032e866d0f3bd0301cd486f",
                "sha256:fdf1c1dc5bafc32bc5d08b054f94d659422b05aba244d6be4ddc1c72d9aa70fb"
            ],
            "version": "==1.11.5"
        },
        "cryptography": {
            "hashes": [
                "sha256:02915ee546b42ce513e8167140e9937fc4c81a06a82216e086ccce51f347948a",
                "sha256:03cc8bc5a69ae3d44acf1a03facdb7c10a94c67907862c563e10efe72b737977",
                "sha256:07f76bde6815c55195f3b3812d35769cc7c765144c0bb71ae45e02535d078591",
                "sha256:13eac1c477b9af7e9a9024369468d08aead6ad78ed599d163ad046684474364b",
                "sha256:179bfb585c5efc87ae0e665770e4896727b92dbc1f810c761b1ebf8363e2fec8",
                "sha256:414af0ba308e74c1f8bc5b11befc86cb66b10be8959547786f64258830d2096f",
                "sha256:41a1ca14f255df8c44dd22c6006441d631d1589104045ec7263cc47e9772f41a",
                "sha256:54947eb98bc4eef99ddf49f45d2694ea5a3929ab3edc9806ad01967368594d82",
                "sha256:5bac7a2abda07d0c3c8429210349bb54149ad8940dc7bcffedcd56519b410a3c",
                "sha256:7f41af8c586bed9f59cfe8832d818b3b75c860d7025da9cd2db76875a72ff785",
                "sha256:8004fae1b3cb2dbd90a011ad972e49a7e78a871b89c70cc7213cf4ebd2532bcb",
                "sha256:8e0eccadc3b465e12c50a5b8fb4d39cf401b44d7bb9936c70fddb5e5aaf740d5",
                "sha256:95b4741722269cfdc134fec23b7ae6503ee2aea83d0924cfee6d6ec54cd42d8e",
                "sha256:a06f5aa6d7a94531dfe82eb2972e669258c452fe9cf88f76116610de4c789785",
                "sha256:b0833d27c7eb536bc27323a1e8e22cb39ebac78c4ef3be0167ba40f447344808",
                "sha256:b72dec675bc59a01edc96616cd48ec465b714481caa0938c8bbca5d18f17d5df",
                "sha256:c800ddc23b5206ce025f23225fdde89cdc0e64016ad914d5be32d1f602ce9495",
                "sha256:c980c8c313a5e014ae12e2245e89e7b30427e5a98cbb88afe478ecae85f3abaa",
                "sha256:e85b410885addaeb31a867eabcefc9ef4a7e904ad45eac9e60a763a54b244626"
            ],
            "index": "pypi",
            "version": "==2.4.1"
        },
        "docutils": {
            "hashes": [
                "sha256:02aec4bd92ab067f6ff27a38a38a41173bf01bed8f89157768c1573f53e474a6",
                "sha256:51e64ef2ebfb29cae1faa133b3710143496eca21c530f3f71424d77687764274",
                "sha256:7a4bd47eaf6596e1295ecb11361139febe29b084a87bf005bf899f9a42edc3c6"
            ],
            "version": "==0.14"
        },
        "fs": {
            "hashes": [
                "sha256:46b779d3fd870e2a8b8bb3c800fe74449d7c25f8b239bd7891ef601683c05701",
                "sha256:6f7e36b6381f353339957784a67bd9d440482b7eaeaff7b1f97249ceb7223f63"
            ],
            "index": "pypi",
            "version": "==2.1.2"
        },
        "fs-s3fs": {
            "hashes": [
                "sha256:0de20afdc2a99878d398212be831951eaaa229ffca03c01d535ba2abc77a26fd",
                "sha256:5351ed1d2339be0823a43c602acea8f8ff2f84fd70d0b4f3a0856aa2ff31fbb3"
            ],
            "index": "pypi",
            "version": "==1.0.0"
        },
        "idna": {
            "hashes": [
                "sha256:156a6814fb5ac1fc6850fb002e0852d56c0c8d2531923a51032d1b70760e186e",
                "sha256:684a38a6f903c1d71d6d5fac066b58d7768af4de2b832e426ec79c30daa94a16"
            ],
            "version": "==2.7"
        },
        "jmespath": {
            "hashes": [
                "sha256:6a81d4c9aa62caf061cb517b4d9ad1dd300374cd4706997aff9cd6aedd61fc64",
                "sha256:f11b4461f425740a1d908e9a3f7365c3d2e569f6ca68a2ff8bc5bcd9676edd63"
            ],
            "version": "==0.9.3"
        },
        "lp-backup": {
            "editable": true,
            "path": "."
        },
        "pycparser": {
            "hashes": [
                "sha256:a988718abfad80b6b157acce7bf130a30876d27603738ac39f140993246b25b3"
            ],
            "version": "==2.19"
        },
        "python-dateutil": {
            "hashes": [
                "sha256:063df5763652e21de43de7d9e00ccf239f953a832941e37be541614732cdfc93",
                "sha256:88f9287c0174266bb0d8cedd395cfba9c58e87e5ad86b2ce58859bc11be3cf02"
            ],
            "markers": "python_version >= '2.7'",
            "version": "==2.7.5"
        },
        "pytz": {
            "hashes": [
                "sha256:31cb35c89bd7d333cd32c5f278fca91b523b0834369e757f4c5641ea252236ca",
                "sha256:8e0f8568c118d3077b46be7d654cc8167fa916092e28320cde048e54bfc9f1e6"
            ],
            "version": "==2018.7"
        },
        "ruamel.yaml": {
            "hashes": [
                "sha256:0dad3f56197e28c04ab251aeb739377a5da74ea83bcac00b79232d7cef66dc7a",
                "sha256:19a2757b13c2461572c7d4be61ec25caabb0fc34af48b4565c88a085f570cb76",
                "sha256:39cfb38a8590df4ab940b99d512df8a61f871a25f5912727fab1f36b20a12c1d",
                "sha256:475762beae3ceedc7e4a007ed12a90f97a262e7ce7239029dc3d0efcdffb2e7b",
                "sha256:4d282afb28a7a09dee7df7ddffe3611411e33d05bafd6ddfd6ef40869479252c",
                "sha256:54137fa40c62fd72d2646f2635e97e5173dd144a48a3bd25c0c7d743c2966162",
                "sha256:54359de3ee1c8955607a050f1dbdfddd0c043f0df1e99d5b82128e3fc6b5c966",
                "sha256:584a8513bc7cac176112093c8bc55e457fd4f694b267ef581d8eb1e983e77e7f",
                "sha256:5953840b9852e1e2735c9d413d01ddfb768334e475cf130d70064ad8831c30ce",
                "sha256:659767cb717052f98fd358ae21bbe192957535693e2c68fba27b2f3c6a14917c",
                "sha256:85793c5fe321e9202eba521b0bb3e6303bcb61f6e56378f59e874ca36a7e9d5f",
                "sha256:8609f1263a73da187f7febebca24b347aee7da777edc83b8625cb7af3e16b345",
                "sha256:883e42e30fcd485b8195522121960cbcc4bba2cb5161cec29b3cfd6e1072eaf4",
                "sha256:928146b4a6ef2ce4a5b26663ceddb4961bda00fa1c4e255e6b3e3ef9b284df04",
                "sha256:a91a0f5b1e18b4335a0febc757c4a465da0ab6a4f9c672fcc917bcf738efcd66",
                "sha256:c0522d1d02856a00e139e2a915c74b20ad1d38f2748ea3f2d4e087ac30322ad2",
                "sha256:e3238c0b169f104fa20b217d741632228cbf9011690edabdd265deff09efb299",
                "sha256:e9c0b17da17ee512f49de3683c97118877d4ff706ea2edac82f187cd4a9cca4d",
                "sha256:eabf69011659182a1044e7581f8ea69e4f4511933955e71fc2f007b28e214791",
                "sha256:f00a2ad9b03a8cad5ff620dc0bb7afbd2eaf0ebbf1e5477b632680a2c1d7c656",
                "sha256:f6f5921a67211c6a98940d5f03474158c8e3744b26fd0bd5d60ab951aa36c002",
                "sha256:fcb63dc194609d1f49e309b976976f8ddd8416e0b8942b3091d3d0a525bfd18a"
            ],
            "index": "pypi",
            "version": "==0.15.78"
        },
        "s3transfer": {
            "hashes": [
                "sha256:90dc18e028989c609146e241ea153250be451e05ecc0c2832565231dacdf59c1",
                "sha256:c7a9ec356982d5e9ab2d4b46391a7d6a950e2b04c472419f5fdec70cc0ada72f"
            ],
            "version": "==0.1.13"
        },
        "six": {
            "hashes": [
                "sha256:70e8a77beed4562e7f14fe23a786b54f6296e34344c23bc42f07b15018ff98e9",
                "sha256:832dc0e10feb1aa2c68dcc57dbb658f1c7e65b9b61af69048abc87a2db00a0eb"
            ],
            "version": "==1.11.0"
        },
        "sultan": {
            "hashes": [
                "sha256:b72c49e1a942e8e12b30a1dbab8ac0fa97fb75495f4237e243a5194f7a761a62",
                "sha256:d344c9b37f08b388889bad02319404c53d1de46fa3e46302a0e8bc451c816a92"
            ],
            "index": "pypi",
            "version": "==0.8.1"
        },
        "urllib3": {
            "hashes": [
                "sha256:61bf29cada3fc2fbefad4fdf059ea4bd1b4a86d2b6d15e1c7c0b582b9752fe39",
                "sha256:de9529817c93f27c8ccbfead6985011db27bd0ddfcdb2d86f3f663385c6a9c22"
            ],
            "markers": "python_version >= '3.4'",
            "version": "==1.24.1"
        }
    },
    "develop": {
        "atomicwrites": {
            "hashes": [
                "sha256:0312ad34fcad8fac3704d441f7b317e50af620823353ec657a53e981f92920c0",
                "sha256:ec9ae8adaae229e4f8446952d204a3e4b5fdd2d099f9be3aaf556120135fb3ee"
            ],
            "version": "==1.2.1"
        },
        "attrs": {
            "hashes": [
                "sha256:10cbf6e27dbce8c30807caf056c8eb50917e0eaafe86347671b57254006c3e69",
                "sha256:ca4be454458f9dec299268d472aaa5a11f67a4ff70093396e1ceae9c76cf4bbb"
            ],
            "version": "==18.2.0"
        },
        "docopt": {
            "hashes": [
                "sha256:49b3a825280bd66b3aa83585ef59c4a8c82f2c8a522dbe754a8bc8d08c85c491"
            ],
            "version": "==0.6.2"
        },
        "jedi": {
            "hashes": [
                "sha256:0191c447165f798e6a730285f2eee783fff81b0d3df261945ecb80983b5c3ca7",
                "sha256:b7493f73a2febe0dc33d51c99b474547f7f6c0b2c8fb2b21f453eef204c12148"
            ],
            "version": "==0.13.1"
        },
        "more-itertools": {
            "hashes": [
                "sha256:c187a73da93e7a8acc0001572aebc7e3c69daf7bf6881a2cea10650bd4420092",
                "sha256:c476b5d3a34e12d40130bc2f935028b5f636df8f372dc2c1c01dc19681b2039e",
                "sha256:fcbfeaea0be121980e15bc97b3817b5202ca73d0eae185b4550cbfce2a3ebb3d"
            ],
            "version": "==4.3.0"
        },
        "parso": {
            "hashes": [
                "sha256:35704a43a3c113cce4de228ddb39aab374b8004f4f2407d070b6a2ca784ce8a2",
                "sha256:895c63e93b94ac1e1690f5fdd40b65f07c8171e3e53cbd7793b5b96c0e0a7f24"
            ],
            "version": "==0.3.1"
        },
        "pluggy": {
            "hashes": [
                "sha256:447ba94990e8014ee25ec853339faf7b0fc8050cdc3289d4d71f7f410fb90095",
                "sha256:bde19360a8ec4dfd8a20dcb811780a30998101f078fc7ded6162f0076f50508f"
            ],
            "version": "==0.8.0"
        },
        "prompt-toolkit": {
            "hashes": [
                "sha256:c1d6aff5252ab2ef391c2fe498ed8c088066f66bc64a8d5c095bbf795d9fec34",
                "sha256:d4c47f79b635a0e70b84fdb97ebd9a274203706b1ee5ed44c10da62755cf3ec9",
                "sha256:fd17048d8335c1e6d5ee403c3569953ba3eb8555d710bfc548faf0712666ea39"
            ],
            "version": "==2.0.7"
        },
        "ptpython": {
            "hashes": [
                "sha256:51a74abe931f692360a32d650c2ba1ca329c08f3ed9b1de8abcd1164e0b0a6a7",
                "sha256:938ee050e37d61c138dbbeb21383dfef8b9ed4ffb453a5f34041f42025bf5042",
                "sha256:ebe9d68ea7532ec8ab306d4bdc7ec393701cd9bbd6eff0aa3067c821f99264d4"
            ],
            "index": "pypi",
            "version": "==2.0.4"
        },
        "py": {
            "hashes": [
                "sha256:bf92637198836372b520efcba9e020c330123be8ce527e535d185ed4b6f45694",
                "sha256:e76826342cefe3c3d5f7e8ee4316b80d1dd8a300781612ddbc765c17ba25a6c6"
            ],
            "version": "==1.7.0"
        },
        "pygments": {
            "hashes": [
                "sha256:78f3f434bcc5d6ee09020f92ba487f95ba50f1e3ef83ae96b9d5ffa1bab25c5d",
                "sha256:dbae1046def0efb574852fab9e90209b23f556367b5a320c0bcb871c77c3e8cc"
            ],
            "version": "==2.2.0"
        },
        "pyperclip": {
            "hashes": [
                "sha256:979325468ccf682104d5dcaf753f869868100631301d3e72f47babdea5700d1c"
            ],
            "index": "pypi",
            "version": "==1.7.0"
        },
        "pytest": {
            "hashes": [
                "sha256:488c842647bbeb350029da10325cb40af0a9c7a2fdda45aeb1dda75b60048ffb",
                "sha256:c055690dfefa744992f563e8c3a654089a6aa5b8092dded9b6fafbd70b2e45a7"
            ],
            "version": "==4.0.0"
        },
        "pytest-mock": {
            "hashes": [
                "sha256:53801e621223d34724926a5c98bd90e8e417ce35264365d39d6c896388dcc928",
                "sha256:d89a8209d722b8307b5e351496830d5cc5e192336003a485443ae9adeb7dd4c0"
            ],
            "index": "pypi",
            "version": "==1.10.0"
        },
        "six": {
            "hashes": [
                "sha256:70e8a77beed4562e7f14fe23a786b54f6296e34344c23bc42f07b15018ff98e9",
                "sha256:832dc0e10feb1aa2c68dcc57dbb658f1c7e65b9b61af69048abc87a2db00a0eb"
            ],
            "version": "==1.11.0"
        },
        "wcwidth": {
            "hashes": [
                "sha256:3df37372226d6e63e1b1e1eda15c594bca98a22d33a23832a90998faa96bc65e",
                "sha256:f4ebe71925af7b40a864553f761ed559b43544f8f71746c2d756c7fe788ade7c"
            ],
            "version": "==0.1.7"
        }
    }
}
